
Microsoft Visual Studio Solution File, Format Version 12.00
# Visual Studio Version 17
VisualStudioVersion = 17.0.31903.59
MinimumVisualStudioVersion = 10.0.40219.1
Project("{2150E333-8FDC-42A3-9474-1A3956D46DE8}") = "src", "src", "{827E0CD3-B72D-47B6-A68D-7590B98EB39B}"
EndProject
Project("{FAE04EC0-301F-11D3-BF4B-00C04F79EFBC}") = "UnifiMcp.Core", "src\UnifiMcp.Core\UnifiMcp.Core.csproj", "{BE4478F2-F366-4177-8179-40E7B45A43AF}"
EndProject
Project("{FAE04EC0-301F-11D3-BF4B-00C04F79EFBC}") = "UnifiMcp.Stdio", "src\UnifiMcp.Stdio\UnifiMcp.Stdio.csproj", "{065B9402-3F7E-48D4-BBE8-B8257C988B80}"
EndProject
Project("{FAE04EC0-301F-11D3-BF4B-00C04F79EFBC}") = "UnifiMcp.Http", "src\UnifiMcp.Http\UnifiMcp.Http.csproj", "{809E4689-3C86-4067-803A-C9DCC1D7B35E}"
EndProject
Project("{FAE04EC0-301F-11D3-BF4B-00C04F79EFBC}") = "Unifi.Mcp.Client", "src\Unifi.Mcp.Client\Unifi.Mcp.Client.csproj", "{234E148B-A9A4-4D67-BE08-03E6AAA6B1BC}"
EndProject
Project("{2150E333-8FDC-42A3-9474-1A3956D46DE8}") = "tests", "tests", "{0AB3BF05-4346-4AA6-1389-037BE0695223}"
EndProject
Project("{FAE04EC0-301F-11D3-BF4B-00C04F79EFBC}") = "Unifi.Mcp.Client.SmokeTests", "tests\Unifi.Mcp.Client.SmokeTests\Unifi.Mcp.Client.SmokeTests.csproj", "{4D7C641A-4BC1-4702-82E1-891185BDEE01}"
EndProject
Global
	GlobalSection(SolutionConfigurationPlatforms) = preSolution
		Debug|Any CPU = Debug|Any CPU
		Debug|x64 = Debug|x64
		Debug|x86 = Debug|x86
		Release|Any CPU = Release|Any CPU
		Release|x64 = Release|x64
		Release|x86 = Release|x86
	EndGlobalSection
	GlobalSection(ProjectConfigurationPlatforms) = postSolution
		{BE4478F2-F366-4177-8179-40E7B45A43AF}.Debug|Any CPU.ActiveCfg = Debug|Any CPU
		{BE4478F2-F366-4177-8179-40E7B45A43AF}.Debug|Any CPU.Build.0 = Debug|Any CPU
		{BE4478F2-F366-4177-8179-40E7B45A43AF}.Debug|x64.ActiveCfg = Debug|Any CPU
		{BE4478F2-F366-4177-8179-40E7B45A43AF}.Debug|x64.Build.0 = Debug|Any CPU
		{BE4478F2-F366-4177-8179-40E7B45A43AF}.Debug|x86.ActiveCfg = Debug|Any CPU
		{BE4478F2-F366-4177-8179-40E7B45A43AF}.Debug|x86.Build.0 = Debug|Any CPU
		{BE4478F2-F366-4177-8179-40E7B45A43AF}.Release|Any CPU.ActiveCfg = Release|Any CPU
		{BE4478F2-F366-4177-8179-40E7B45A43AF}.Release|Any CPU.Build.0 = Release|Any CPU
		{BE4478F2-F366-4177-8179-40E7B45A43AF}.Release|x64.ActiveCfg = Release|Any CPU
		{BE4478F2-F366-4177-8179-40E7B45A43AF}.Release|x64.Build.0 = Release|Any CPU
		{BE4478F2-F366-4177-8179-40E7B45A43AF}.Release|x86.ActiveCfg = Release|Any CPU
		{BE4478F2-F366-4177-8179-40E7B45A43AF}.Release|x86.Build.0 = Release|Any CPU
		{065B9402-3F7E-48D4-BBE8-B8257C988B80}.Debug|Any CPU.ActiveCfg = Debug|Any CPU
		{065B9402-3F7E-48D4-BBE8-B8257C988B80}.Debug|Any CPU.Build.0 = Debug|Any CPU
		{065B9402-3F7E-48D4-BBE8-B8257C988B80}.Debug|x64.ActiveCfg = Debug|Any CPU
		{065B9402-3F7E-48D4-BBE8-B8257C988B80}.Debug|x64.Build.0 = Debug|Any CPU
		{065B9402-3F7E-48D4-BBE8-B8257C988B80}.Debug|x86.ActiveCfg = Debug|Any CPU
		{065B9402-3F7E-48D4-BBE8-B8257C988B80}.Debug|x86.Build.0 = Debug|Any CPU
		{065B9402-3F7E-48D4-BBE8-B8257C988B80}.Release|Any CPU.ActiveCfg = Release|Any CPU
		{065B9402-3F7E-48D4-BBE8-B8257C988B80}.Release|Any CPU.Build.0 = Release|Any CPU
		{065B9402-3F7E-48D4-BBE8-B8257C988B80}.Release|x64.ActiveCfg = Release|Any CPU
		{065B9402-3F7E-48D4-BBE8-B8257C988B80}.Release|x64.Build.0 = Release|Any CPU
		{065B9402-3F7E-48D4-BBE8-B8257C988B80}.Release|x86.ActiveCfg = Release|Any CPU
		{065B9402-3F7E-48D4-BBE8-B8257C988B80}.Release|x86.Build.0 = Release|Any CPU
		{809E4689-3C86-4067-803A-C9DCC1D7B35E}.Debug|Any CPU.ActiveCfg = Debug|Any CPU
		{809E4689-3C86-4067-803A-C9DCC1D7B35E}.Debug|Any CPU.Build.0 = Debug|Any CPU
		{809E4689-3C86-4067-803A-C9DCC1D7B35E}.Debug|x64.ActiveCfg = Debug|Any CPU
		{809E4689-3C86-4067-803A-C9DCC1D7B35E}.Debug|x64.Build.0 = Debug|Any CPU
		{809E4689-3C86-4067-803A-C9DCC1D7B35E}.Debug|x86.ActiveCfg = Debug|Any CPU
		{809E4689-3C86-4067-803A-C9DCC1D7B35E}.Debug|x86.Build.0 = Debug|Any CPU
		{809E4689-3C86-4067-803A-C9DCC1D7B35E}.Release|Any CPU.ActiveCfg = Release|Any CPU
		{809E4689-3C86-4067-803A-C9DCC1D7B35E}.Release|Any CPU.Build.0 = Release|Any CPU
		{809E4689-3C86-4067-803A-C9DCC1D7B35E}.Release|x64.ActiveCfg = Release|Any CPU
		{809E4689-3C86-4067-803A-C9DCC1D7B35E}.Release|x64.Build.0 = Release|Any CPU
		{809E4689-3C86-4067-803A-C9DCC1D7B35E}.Release|x86.ActiveCfg = Release|Any CPU
		{809E4689-3C86-4067-803A-C9DCC1D7B35E}.Release|x86.Build.0 = Release|Any CPU
		{234E148B-A9A4-4D67-BE08-03E6AAA6B1BC}.Debug|Any CPU.ActiveCfg = Debug|Any CPU
		{234E148B-A9A4-4D67-BE08-03E6AAA6B1BC}.Debug|Any CPU.Build.0 = Debug|Any CPU
		{234E148B-A9A4-4D67-BE08-03E6AAA6B1BC}.Debug|x64.ActiveCfg = Debug|Any CPU
		{234E148B-A9A4-4D67-BE08-03E6AAA6B1BC}.Debug|x64.Build.0 = Debug|Any CPU
		{234E148B-A9A4-4D67-BE08-03E6AAA6B1BC}.Debug|x86.ActiveCfg = Debug|Any CPU
		{234E148B-A9A4-4D67-BE08-03E6AAA6B1BC}.Debug|x86.Build.0 = Debug|Any CPU
		{234E148B-A9A4-4D67-BE08-03E6AAA6B1BC}.Release|Any CPU.ActiveCfg = Release|Any CPU
		{234E148B-A9A4-4D67-BE08-03E6AAA6B1BC}.Release|Any CPU.Build.0 = Release|Any CPU
		{234E148B-A9A4-4D67-BE08-03E6AAA6B1BC}.Release|x64.ActiveCfg = Release|Any CPU
		{234E148B-A9A4-4D67-BE08-03E6AAA6B1BC}.Release|x64.Build.0 = Release|Any CPU
		{234E148B-A9A4-4D67-BE08-03E6AAA6B1BC}.Release|x86.ActiveCfg = Release|Any CPU
		{234E148B-A9A4-4D67-BE08-03E6AAA6B1BC}.Release|x86.Build.0 = Release|Any CPU
		{4D7C641A-4BC1-4702-82E1-891185BDEE01}.Debug|Any CPU.ActiveCfg = Debug|Any CPU
		{4D7C641A-4BC1-4702-82E1-891185BDEE01}.Debug|Any CPU.Build.0 = Debug|Any CPU
		{4D7C641A-4BC1-4702-82E1-891185BDEE01}.Debug|x64.ActiveCfg = Debug|Any CPU
		{4D7C641A-4BC1-4702-82E1-891185BDEE01}.Debug|x64.Build.0 = Debug|Any CPU
		{4D7C641A-4BC1-4702-82E1-891185BDEE01}.Debug|x86.ActiveCfg = Debug|Any CPU
		{4D7C641A-4BC1-4702-82E1-891185BDEE01}.Debug|x86.Build.0 = Debug|Any CPU
		{4D7C641A-4BC1-4702-82E1-891185BDEE01}.Release|Any CPU.ActiveCfg = Release|Any CPU
		{4D7C641A-4BC1-4702-82E1-891185BDEE01}.Release|Any CPU.Build.0 = Release|Any CPU
		{4D7C641A-4BC1-4702-82E1-891185BDEE01}.Release|x64.ActiveCfg = Release|Any CPU
		{4D7C641A-4BC1-4702-82E1-891185BDEE01}.Release|x64.Build.0 = Release|Any CPU
		{4D7C641A-4BC1-4702-82E1-891185BDEE01}.Release|x86.ActiveCfg = Release|Any CPU
		{4D7C641A-4BC1-4702-82E1-891185BDEE01}.Release|x86.Build.0 = Release|Any CPU
	EndGlobalSection
	GlobalSection(SolutionProperties) = preSolution
		HideSolutionNode = FALSE
	EndGlobalSection
	GlobalSection(NestedProjects) = preSolution
		{BE4478F2-F366-4177-8179-40E7B45A43AF} = {827E0CD3-B72D-47B6-A68D-7590B98EB39B}
		{065B9402-3F7E-48D4-BBE8-B8257C988B80} = {827E0CD3-B72D-47B6-A68D-7590B98EB39B}
		{809E4689-3C86-4067-803A-C9DCC1D7B35E} = {827E0CD3-B72D-47B6-A68D-7590B98EB39B}
		{234E148B-A9A4-4D67-BE08-03E6AAA6B1BC} = {827E0CD3-B72D-47B6-A68D-7590B98EB39B}
		{4D7C641A-4BC1-4702-82E1-891185BDEE01} = {0AB3BF05-4346-4AA6-1389-037BE0695223}
	EndGlobalSection
EndGlobal
